// !$*UTF8*$!
{
	archiveVersion = 1;
	classes = {
	};
	objectVersion = 46;
	objects = {

/* Begin PBXBuildFile section */
		0F423CAB18AD5D2200EE5F4E /* dog.png in Resources */ = {isa = PBXBuildFile; fileRef = 0F423CAA18AD5D2200EE5F4E /* dog.png */; };
		0F423CAF18AD61EC00EE5F4E /* tennis.png in Resources */ = {isa = PBXBuildFile; fileRef = 0F423CAE18AD61EC00EE5F4E /* tennis.png */; };
		0F7D547B18AD4EBA00F9593D /* purple_target.png in Resources */ = {isa = PBXBuildFile; fileRef = 0F7D547A18AD4EBA00F9593D /* purple_target.png */; };
		0F7D548118AD54DF00F9593D /* FetchScene.m in Sources */ = {isa = PBXBuildFile; fileRef = 0F7D548018AD54DF00F9593D /* FetchScene.m */; };
		0F9462C718BFF4A100E9E3BD /* GameMenuScene.m in Sources */ = {isa = PBXBuildFile; fileRef = 0F9462C618BFF4A100E9E3BD /* GameMenuScene.m */; };
		0F9462C918BFFFC500E9E3BD /* targetPracticeBackground.png in Resources */ = {isa = PBXBuildFile; fileRef = 0F9462C818BFFFC500E9E3BD /* targetPracticeBackground.png */; };
		0FA6066E18B65DB4001E0C9A /* FetchInstructionScene.m in Sources */ = {isa = PBXBuildFile; fileRef = 0FA6066D18B65DB4001E0C9A /* FetchInstructionScene.m */; };
		7CB23C2E18BFFB3D007F409F /* Huge_Checkered_Background_[4096x3072].png in Resources */ = {isa = PBXBuildFile; fileRef = 7CB23C2D18BFFB3D007F409F /* Huge_Checkered_Background_[4096x3072].png */; };
		7CB23C3118BFFEB4007F409F /* BabyTargetPracticeScene.m in Sources */ = {isa = PBXBuildFile; fileRef = 7CB23C3018BFFEB4007F409F /* BabyTargetPracticeScene.m */; };
		7CB76CC518B66C190003A622 /* TargetPracticeMenuScene.m in Sources */ = {isa = PBXBuildFile; fileRef = 7CB76CC418B66C190003A622 /* TargetPracticeMenuScene.m */; };
		7CB76CC718B692CB0003A622 /* hand.png in Resources */ = {isa = PBXBuildFile; fileRef = 7CB76CC618B692CB0003A622 /* hand.png */; };
		B96CAA9C18A7ED7700D5C20C /* Foundation.framework in Frameworks */ = {isa = PBXBuildFile; fileRef = B96CAA9B18A7ED7700D5C20C /* Foundation.framework */; };
		B96CAA9E18A7ED7700D5C20C /* CoreGraphics.framework in Frameworks */ = {isa = PBXBuildFile; fileRef = B96CAA9D18A7ED7700D5C20C /* CoreGraphics.framework */; };
		B96CAAA018A7ED7700D5C20C /* UIKit.framework in Frameworks */ = {isa = PBXBuildFile; fileRef = B96CAA9F18A7ED7700D5C20C /* UIKit.framework */; };
		B96CAAA218A7ED7700D5C20C /* SpriteKit.framework in Frameworks */ = {isa = PBXBuildFile; fileRef = B96CAAA118A7ED7700D5C20C /* SpriteKit.framework */; };
		B96CAAA818A7ED7700D5C20C /* InfoPlist.strings in Resources */ = {isa = PBXBuildFile; fileRef = B96CAAA618A7ED7700D5C20C /* InfoPlist.strings */; };
		B96CAAAA18A7ED7700D5C20C /* main.m in Sources */ = {isa = PBXBuildFile; fileRef = B96CAAA918A7ED7700D5C20C /* main.m */; };
		B96CAAAE18A7ED7700D5C20C /* AppDelegate.m in Sources */ = {isa = PBXBuildFile; fileRef = B96CAAAD18A7ED7700D5C20C /* AppDelegate.m */; };
		B96CAAB118A7ED7700D5C20C /* Main.storyboard in Resources */ = {isa = PBXBuildFile; fileRef = B96CAAAF18A7ED7700D5C20C /* Main.storyboard */; };
		B96CAAB418A7ED7700D5C20C /* ViewController.m in Sources */ = {isa = PBXBuildFile; fileRef = B96CAAB318A7ED7700D5C20C /* ViewController.m */; };
		B96CAAB718A7ED7700D5C20C /* MainMenuScene.m in Sources */ = {isa = PBXBuildFile; fileRef = B96CAAB618A7ED7700D5C20C /* MainMenuScene.m */; };
		B96CAAB918A7ED7700D5C20C /* Spaceship.png in Resources */ = {isa = PBXBuildFile; fileRef = B96CAAB818A7ED7700D5C20C /* Spaceship.png */; };
		B96CAABB18A7ED7700D5C20C /* Images.xcassets in Resources */ = {isa = PBXBuildFile; fileRef = B96CAABA18A7ED7700D5C20C /* Images.xcassets */; };
		B96CAAC218A7ED7700D5C20C /* XCTest.framework in Frameworks */ = {isa = PBXBuildFile; fileRef = B96CAAC118A7ED7700D5C20C /* XCTest.framework */; };
		B96CAAC318A7ED7700D5C20C /* Foundation.framework in Frameworks */ = {isa = PBXBuildFile; fileRef = B96CAA9B18A7ED7700D5C20C /* Foundation.framework */; };
		B96CAAC418A7ED7700D5C20C /* UIKit.framework in Frameworks */ = {isa = PBXBuildFile; fileRef = B96CAA9F18A7ED7700D5C20C /* UIKit.framework */; };
		B96CAACC18A7ED7700D5C20C /* InfoPlist.strings in Resources */ = {isa = PBXBuildFile; fileRef = B96CAACA18A7ED7700D5C20C /* InfoPlist.strings */; };
		B96CAACE18A7ED7700D5C20C /* KidologyAppTests.m in Sources */ = {isa = PBXBuildFile; fileRef = B96CAACD18A7ED7700D5C20C /* KidologyAppTests.m */; };
		B96CAAE018A80B0300D5C20C /* TargetPracticeScene.m in Sources */ = {isa = PBXBuildFile; fileRef = B96CAADF18A80B0300D5C20C /* TargetPracticeScene.m */; };
		B96CAAE218A81D6B00D5C20C /* green_target.png in Resources */ = {isa = PBXBuildFile; fileRef = B96CAAE118A81D6B00D5C20C /* green_target.png */; };
		B9938EBF18A9A5C40004890B /* TargetPracticeGameOver.m in Sources */ = {isa = PBXBuildFile; fileRef = B9938EBE18A9A5C40004890B /* TargetPracticeGameOver.m */; };
		E8D5E14D18AD50C40061ED91 /* background.png in Resources */ = {isa = PBXBuildFile; fileRef = E8D5E14C18AD50C40061ED91 /* background.png */; };
/* End PBXBuildFile section */

/* Begin PBXContainerItemProxy section */
		B96CAAC518A7ED7700D5C20C /* PBXContainerItemProxy */ = {
			isa = PBXContainerItemProxy;
			containerPortal = B96CAA9018A7ED7700D5C20C /* Project object */;
			proxyType = 1;
			remoteGlobalIDString = B96CAA9718A7ED7700D5C20C;
			remoteInfo = KidologyApp;
		};
/* End PBXContainerItemProxy section */

/* Begin PBXFileReference section */
		0F423CAA18AD5D2200EE5F4E /* dog.png */ = {isa = PBXFileReference; lastKnownFileType = image.png; path = dog.png; sourceTree = "<group>"; };
		0F423CAE18AD61EC00EE5F4E /* tennis.png */ = {isa = PBXFileReference; lastKnownFileType = image.png; path = tennis.png; sourceTree = "<group>"; };
		0F7D547A18AD4EBA00F9593D /* purple_target.png */ = {isa = PBXFileReference; lastKnownFileType = image.png; path = purple_target.png; sourceTree = "<group>"; };
		0F7D547F18AD54DF00F9593D /* FetchScene.h */ = {isa = PBXFileReference; fileEncoding = 4; lastKnownFileType = sourcecode.c.h; path = FetchScene.h; sourceTree = "<group>"; };
		0F7D548018AD54DF00F9593D /* FetchScene.m */ = {isa = PBXFileReference; fileEncoding = 4; lastKnownFileType = sourcecode.c.objc; path = FetchScene.m; sourceTree = "<group>"; };
		0F9462C518BFF4A100E9E3BD /* GameMenuScene.h */ = {isa = PBXFileReference; fileEncoding = 4; lastKnownFileType = sourcecode.c.h; path = GameMenuScene.h; sourceTree = "<group>"; };
		0F9462C618BFF4A100E9E3BD /* GameMenuScene.m */ = {isa = PBXFileReference; fileEncoding = 4; lastKnownFileType = sourcecode.c.objc; path = GameMenuScene.m; sourceTree = "<group>"; };
		0F9462C818BFFFC500E9E3BD /* targetPracticeBackground.png */ = {isa = PBXFileReference; lastKnownFileType = image.png; path = targetPracticeBackground.png; sourceTree = "<group>"; };
		0FA6066C18B65DB4001E0C9A /* FetchInstructionScene.h */ = {isa = PBXFileReference; fileEncoding = 4; lastKnownFileType = sourcecode.c.h; path = FetchInstructionScene.h; sourceTree = "<group>"; };
		0FA6066D18B65DB4001E0C9A /* FetchInstructionScene.m */ = {isa = PBXFileReference; fileEncoding = 4; lastKnownFileType = sourcecode.c.objc; path = FetchInstructionScene.m; sourceTree = "<group>"; };
		7CB23C2D18BFFB3D007F409F /* Huge_Checkered_Background_[4096x3072].png */ = {isa = PBXFileReference; lastKnownFileType = image.png; path = "Huge_Checkered_Background_[4096x3072].png"; sourceTree = "<group>"; };
		7CB23C2F18BFFEB4007F409F /* BabyTargetPracticeScene.h */ = {isa = PBXFileReference; fileEncoding = 4; lastKnownFileType = sourcecode.c.h; path = BabyTargetPracticeScene.h; sourceTree = "<group>"; };
		7CB23C3018BFFEB4007F409F /* BabyTargetPracticeScene.m */ = {isa = PBXFileReference; fileEncoding = 4; lastKnownFileType = sourcecode.c.objc; path = BabyTargetPracticeScene.m; sourceTree = "<group>"; };
		7CB76CC318B66C030003A622 /* TargetPracticeMenuScene.h */ = {isa = PBXFileReference; fileEncoding = 4; lastKnownFileType = sourcecode.c.h; path = TargetPracticeMenuScene.h; sourceTree = "<group>"; };
		7CB76CC418B66C190003A622 /* TargetPracticeMenuScene.m */ = {isa = PBXFileReference; fileEncoding = 4; lastKnownFileType = sourcecode.c.objc; path = TargetPracticeMenuScene.m; sourceTree = "<group>"; };
		7CB76CC618B692CB0003A622 /* hand.png */ = {isa = PBXFileReference; lastKnownFileType = image.png; path = hand.png; sourceTree = "<group>"; };
		B96CAA9818A7ED7700D5C20C /* KidologyApp.app */ = {isa = PBXFileReference; explicitFileType = wrapper.application; includeInIndex = 0; path = KidologyApp.app; sourceTree = BUILT_PRODUCTS_DIR; };
		B96CAA9B18A7ED7700D5C20C /* Foundation.framework */ = {isa = PBXFileReference; lastKnownFileType = wrapper.framework; name = Foundation.framework; path = System/Library/Frameworks/Foundation.framework; sourceTree = SDKROOT; };
		B96CAA9D18A7ED7700D5C20C /* CoreGraphics.framework */ = {isa = PBXFileReference; lastKnownFileType = wrapper.framework; name = CoreGraphics.framework; path = System/Library/Frameworks/CoreGraphics.framework; sourceTree = SDKROOT; };
		B96CAA9F18A7ED7700D5C20C /* UIKit.framework */ = {isa = PBXFileReference; lastKnownFileType = wrapper.framework; name = UIKit.framework; path = System/Library/Frameworks/UIKit.framework; sourceTree = SDKROOT; };
		B96CAAA118A7ED7700D5C20C /* SpriteKit.framework */ = {isa = PBXFileReference; lastKnownFileType = wrapper.framework; name = SpriteKit.framework; path = System/Library/Frameworks/SpriteKit.framework; sourceTree = SDKROOT; };
		B96CAAA518A7ED7700D5C20C /* KidologyApp-Info.plist */ = {isa = PBXFileReference; lastKnownFileType = text.plist.xml; path = "KidologyApp-Info.plist"; sourceTree = "<group>"; };
		B96CAAA718A7ED7700D5C20C /* en */ = {isa = PBXFileReference; lastKnownFileType = text.plist.strings; name = en; path = en.lproj/InfoPlist.strings; sourceTree = "<group>"; };
		B96CAAA918A7ED7700D5C20C /* main.m */ = {isa = PBXFileReference; lastKnownFileType = sourcecode.c.objc; path = main.m; sourceTree = "<group>"; };
		B96CAAAB18A7ED7700D5C20C /* KidologyApp-Prefix.pch */ = {isa = PBXFileReference; lastKnownFileType = sourcecode.c.h; path = "KidologyApp-Prefix.pch"; sourceTree = "<group>"; };
		B96CAAAC18A7ED7700D5C20C /* AppDelegate.h */ = {isa = PBXFileReference; lastKnownFileType = sourcecode.c.h; path = AppDelegate.h; sourceTree = "<group>"; };
		B96CAAAD18A7ED7700D5C20C /* AppDelegate.m */ = {isa = PBXFileReference; lastKnownFileType = sourcecode.c.objc; path = AppDelegate.m; sourceTree = "<group>"; };
		B96CAAB018A7ED7700D5C20C /* Base */ = {isa = PBXFileReference; lastKnownFileType = file.storyboard; name = Base; path = Base.lproj/Main.storyboard; sourceTree = "<group>"; };
		B96CAAB218A7ED7700D5C20C /* ViewController.h */ = {isa = PBXFileReference; lastKnownFileType = sourcecode.c.h; path = ViewController.h; sourceTree = "<group>"; };
		B96CAAB318A7ED7700D5C20C /* ViewController.m */ = {isa = PBXFileReference; lastKnownFileType = sourcecode.c.objc; path = ViewController.m; sourceTree = "<group>"; };
		B96CAAB518A7ED7700D5C20C /* MainMenuScene.h */ = {isa = PBXFileReference; lastKnownFileType = sourcecode.c.h; path = MainMenuScene.h; sourceTree = "<group>"; };
		B96CAAB618A7ED7700D5C20C /* MainMenuScene.m */ = {isa = PBXFileReference; lastKnownFileType = sourcecode.c.objc; path = MainMenuScene.m; sourceTree = "<group>"; };
		B96CAAB818A7ED7700D5C20C /* Spaceship.png */ = {isa = PBXFileReference; lastKnownFileType = image.png; path = Spaceship.png; sourceTree = "<group>"; };
		B96CAABA18A7ED7700D5C20C /* Images.xcassets */ = {isa = PBXFileReference; lastKnownFileType = folder.assetcatalog; path = Images.xcassets; sourceTree = "<group>"; };
		B96CAAC018A7ED7700D5C20C /* KidologyAppTests.xctest */ = {isa = PBXFileReference; explicitFileType = wrapper.cfbundle; includeInIndex = 0; path = KidologyAppTests.xctest; sourceTree = BUILT_PRODUCTS_DIR; };
		B96CAAC118A7ED7700D5C20C /* XCTest.framework */ = {isa = PBXFileReference; lastKnownFileType = wrapper.framework; name = XCTest.framework; path = Library/Frameworks/XCTest.framework; sourceTree = DEVELOPER_DIR; };
		B96CAAC918A7ED7700D5C20C /* KidologyAppTests-Info.plist */ = {isa = PBXFileReference; lastKnownFileType = text.plist.xml; path = "KidologyAppTests-Info.plist"; sourceTree = "<group>"; };
		B96CAACB18A7ED7700D5C20C /* en */ = {isa = PBXFileReference; lastKnownFileType = text.plist.strings; name = en; path = en.lproj/InfoPlist.strings; sourceTree = "<group>"; };
		B96CAACD18A7ED7700D5C20C /* KidologyAppTests.m */ = {isa = PBXFileReference; lastKnownFileType = sourcecode.c.objc; path = KidologyAppTests.m; sourceTree = "<group>"; };
		B96CAADE18A80B0300D5C20C /* TargetPracticeScene.h */ = {isa = PBXFileReference; fileEncoding = 4; lastKnownFileType = sourcecode.c.h; path = TargetPracticeScene.h; sourceTree = "<group>"; };
		B96CAADF18A80B0300D5C20C /* TargetPracticeScene.m */ = {isa = PBXFileReference; fileEncoding = 4; lastKnownFileType = sourcecode.c.objc; path = TargetPracticeScene.m; sourceTree = "<group>"; };
		B96CAAE118A81D6B00D5C20C /* green_target.png */ = {isa = PBXFileReference; lastKnownFileType = image.png; path = green_target.png; sourceTree = "<group>"; };
		B9938EBD18A9A5C40004890B /* TargetPracticeGameOver.h */ = {isa = PBXFileReference; fileEncoding = 4; lastKnownFileType = sourcecode.c.h; path = TargetPracticeGameOver.h; sourceTree = "<group>"; };
		B9938EBE18A9A5C40004890B /* TargetPracticeGameOver.m */ = {isa = PBXFileReference; fileEncoding = 4; lastKnownFileType = sourcecode.c.objc; path = TargetPracticeGameOver.m; sourceTree = "<group>"; };
		E8D5E14C18AD50C40061ED91 /* background.png */ = {isa = PBXFileReference; lastKnownFileType = image.png; path = background.png; sourceTree = "<group>"; };
/* End PBXFileReference section */

/* Begin PBXFrameworksBuildPhase section */
		B96CAA9518A7ED7700D5C20C /* Frameworks */ = {
			isa = PBXFrameworksBuildPhase;
			buildActionMask = 2147483647;
			files = (
				B96CAA9E18A7ED7700D5C20C /* CoreGraphics.framework in Frameworks */,
				B96CAAA018A7ED7700D5C20C /* UIKit.framework in Frameworks */,
				B96CAAA218A7ED7700D5C20C /* SpriteKit.framework in Frameworks */,
				B96CAA9C18A7ED7700D5C20C /* Foundation.framework in Frameworks */,
			);
			runOnlyForDeploymentPostprocessing = 0;
		};
		B96CAABD18A7ED7700D5C20C /* Frameworks */ = {
			isa = PBXFrameworksBuildPhase;
			buildActionMask = 2147483647;
			files = (
				B96CAAC218A7ED7700D5C20C /* XCTest.framework in Frameworks */,
				B96CAAC418A7ED7700D5C20C /* UIKit.framework in Frameworks */,
				B96CAAC318A7ED7700D5C20C /* Foundation.framework in Frameworks */,
			);
			runOnlyForDeploymentPostprocessing = 0;
		};
/* End PBXFrameworksBuildPhase section */

/* Begin PBXGroup section */
		B96CAA8F18A7ED7700D5C20C = {
			isa = PBXGroup;
			children = (
				0F9462C818BFFFC500E9E3BD /* targetPracticeBackground.png */,
				7CB23C2D18BFFB3D007F409F /* Huge_Checkered_Background_[4096x3072].png */,
				7CB76CC618B692CB0003A622 /* hand.png */,
				0F423CAE18AD61EC00EE5F4E /* tennis.png */,
				0F423CAA18AD5D2200EE5F4E /* dog.png */,
				0F7D547A18AD4EBA00F9593D /* purple_target.png */,
				B96CAAE118A81D6B00D5C20C /* green_target.png */,
				B96CAAA318A7ED7700D5C20C /* KidologyApp */,
				B96CAAC718A7ED7700D5C20C /* KidologyAppTests */,
				B96CAA9A18A7ED7700D5C20C /* Frameworks */,
				B96CAA9918A7ED7700D5C20C /* Products */,
			);
			sourceTree = "<group>";
		};
		B96CAA9918A7ED7700D5C20C /* Products */ = {
			isa = PBXGroup;
			children = (
				B96CAA9818A7ED7700D5C20C /* KidologyApp.app */,
				B96CAAC018A7ED7700D5C20C /* KidologyAppTests.xctest */,
			);
			name = Products;
			sourceTree = "<group>";
		};
		B96CAA9A18A7ED7700D5C20C /* Frameworks */ = {
			isa = PBXGroup;
			children = (
				B96CAA9B18A7ED7700D5C20C /* Foundation.framework */,
				B96CAA9D18A7ED7700D5C20C /* CoreGraphics.framework */,
				B96CAA9F18A7ED7700D5C20C /* UIKit.framework */,
				B96CAAA118A7ED7700D5C20C /* SpriteKit.framework */,
				B96CAAC118A7ED7700D5C20C /* XCTest.framework */,
			);
			name = Frameworks;
			sourceTree = "<group>";
		};
		B96CAAA318A7ED7700D5C20C /* KidologyApp */ = {
			isa = PBXGroup;
			children = (
				B96CAAD718A7ED8400D5C20C /* iPad */,
				0F7D547F18AD54DF00F9593D /* FetchScene.h */,
				0F7D548018AD54DF00F9593D /* FetchScene.m */,
				B96CAAAC18A7ED7700D5C20C /* AppDelegate.h */,
				B96CAAAD18A7ED7700D5C20C /* AppDelegate.m */,
				B96CAAAF18A7ED7700D5C20C /* Main.storyboard */,
				B96CAAB218A7ED7700D5C20C /* ViewController.h */,
				B96CAAB318A7ED7700D5C20C /* ViewController.m */,
				B96CAAB518A7ED7700D5C20C /* MainMenuScene.h */,
				B96CAAB618A7ED7700D5C20C /* MainMenuScene.m */,
				0F9462C518BFF4A100E9E3BD /* GameMenuScene.h */,
				0F9462C618BFF4A100E9E3BD /* GameMenuScene.m */,
				7CB23C2F18BFFEB4007F409F /* BabyTargetPracticeScene.h */,
				7CB23C3018BFFEB4007F409F /* BabyTargetPracticeScene.m */,
				B96CAADE18A80B0300D5C20C /* TargetPracticeScene.h */,
				B96CAADF18A80B0300D5C20C /* TargetPracticeScene.m */,
				7CB76CC318B66C030003A622 /* TargetPracticeMenuScene.h */,
				7CB76CC418B66C190003A622 /* TargetPracticeMenuScene.m */,
				B9938EBD18A9A5C40004890B /* TargetPracticeGameOver.h */,
				B9938EBE18A9A5C40004890B /* TargetPracticeGameOver.m */,
				B96CAABA18A7ED7700D5C20C /* Images.xcassets */,
				E8D5E14C18AD50C40061ED91 /* background.png */,
				B96CAAB818A7ED7700D5C20C /* Spaceship.png */,
				B96CAAA418A7ED7700D5C20C /* Supporting Files */,
				0FA6066C18B65DB4001E0C9A /* FetchInstructionScene.h */,
				0FA6066D18B65DB4001E0C9A /* FetchInstructionScene.m */,
			);
			path = KidologyApp;
			sourceTree = "<group>";
		};
		B96CAAA418A7ED7700D5C20C /* Supporting Files */ = {
			isa = PBXGroup;
			children = (
				B96CAAA518A7ED7700D5C20C /* KidologyApp-Info.plist */,
				B96CAAA618A7ED7700D5C20C /* InfoPlist.strings */,
				B96CAAA918A7ED7700D5C20C /* main.m */,
				B96CAAAB18A7ED7700D5C20C /* KidologyApp-Prefix.pch */,
			);
			name = "Supporting Files";
			sourceTree = "<group>";
		};
		B96CAAC718A7ED7700D5C20C /* KidologyAppTests */ = {
			isa = PBXGroup;
			children = (
				B96CAACD18A7ED7700D5C20C /* KidologyAppTests.m */,
				B96CAAC818A7ED7700D5C20C /* Supporting Files */,
			);
			path = KidologyAppTests;
			sourceTree = "<group>";
		};
		B96CAAC818A7ED7700D5C20C /* Supporting Files */ = {
			isa = PBXGroup;
			children = (
				B96CAAC918A7ED7700D5C20C /* KidologyAppTests-Info.plist */,
				B96CAACA18A7ED7700D5C20C /* InfoPlist.strings */,
			);
			name = "Supporting Files";
			sourceTree = "<group>";
		};
		B96CAAD718A7ED8400D5C20C /* iPad */ = {
			isa = PBXGroup;
			children = (
			);
			name = iPad;
			sourceTree = "<group>";
		};
/* End PBXGroup section */

/* Begin PBXNativeTarget section */
		B96CAA9718A7ED7700D5C20C /* KidologyApp */ = {
			isa = PBXNativeTarget;
			buildConfigurationList = B96CAAD118A7ED7700D5C20C /* Build configuration list for PBXNativeTarget "KidologyApp" */;
			buildPhases = (
				B96CAA9418A7ED7700D5C20C /* Sources */,
				B96CAA9518A7ED7700D5C20C /* Frameworks */,
				B96CAA9618A7ED7700D5C20C /* Resources */,
			);
			buildRules = (
			);
			dependencies = (
			);
			name = KidologyApp;
			productName = KidologyApp;
			productReference = B96CAA9818A7ED7700D5C20C /* KidologyApp.app */;
			productType = "com.apple.product-type.application";
		};
		B96CAABF18A7ED7700D5C20C /* KidologyAppTests */ = {
			isa = PBXNativeTarget;
			buildConfigurationList = B96CAAD418A7ED7700D5C20C /* Build configuration list for PBXNativeTarget "KidologyAppTests" */;
			buildPhases = (
				B96CAABC18A7ED7700D5C20C /* Sources */,
				B96CAABD18A7ED7700D5C20C /* Frameworks */,
				B96CAABE18A7ED7700D5C20C /* Resources */,
			);
			buildRules = (
			);
			dependencies = (
				B96CAAC618A7ED7700D5C20C /* PBXTargetDependency */,
			);
			name = KidologyAppTests;
			productName = KidologyAppTests;
			productReference = B96CAAC018A7ED7700D5C20C /* KidologyAppTests.xctest */;
			productType = "com.apple.product-type.bundle.unit-test";
		};
/* End PBXNativeTarget section */

/* Begin PBXProject section */
		B96CAA9018A7ED7700D5C20C /* Project object */ = {
			isa = PBXProject;
			attributes = {
				LastUpgradeCheck = 0500;
				ORGANIZATIONNAME = OSU;
				TargetAttributes = {
					B96CAABF18A7ED7700D5C20C = {
						TestTargetID = B96CAA9718A7ED7700D5C20C;
					};
				};
			};
			buildConfigurationList = B96CAA9318A7ED7700D5C20C /* Build configuration list for PBXProject "KidologyApp" */;
			compatibilityVersion = "Xcode 3.2";
			developmentRegion = English;
			hasScannedForEncodings = 0;
			knownRegions = (
				en,
				Base,
			);
			mainGroup = B96CAA8F18A7ED7700D5C20C;
			productRefGroup = B96CAA9918A7ED7700D5C20C /* Products */;
			projectDirPath = "";
			projectRoot = "";
			targets = (
				B96CAA9718A7ED7700D5C20C /* KidologyApp */,
				B96CAABF18A7ED7700D5C20C /* KidologyAppTests */,
			);
		};
/* End PBXProject section */

/* Begin PBXResourcesBuildPhase section */
		B96CAA9618A7ED7700D5C20C /* Resources */ = {
			isa = PBXResourcesBuildPhase;
			buildActionMask = 2147483647;
			files = (
				0F9462C918BFFFC500E9E3BD /* targetPracticeBackground.png in Resources */,
				0F423CAB18AD5D2200EE5F4E /* dog.png in Resources */,
				B96CAAE218A81D6B00D5C20C /* green_target.png in Resources */,
				E8D5E14D18AD50C40061ED91 /* background.png in Resources */,
				B96CAAA818A7ED7700D5C20C /* InfoPlist.strings in Resources */,
				B96CAABB18A7ED7700D5C20C /* Images.xcassets in Resources */,
				B96CAAB918A7ED7700D5C20C /* Spaceship.png in Resources */,
				7CB76CC718B692CB0003A622 /* hand.png in Resources */,
				7CB23C2E18BFFB3D007F409F /* Huge_Checkered_Background_[4096x3072].png in Resources */,
				0F7D547B18AD4EBA00F9593D /* purple_target.png in Resources */,
				0F423CAF18AD61EC00EE5F4E /* tennis.png in Resources */,
				B96CAAB118A7ED7700D5C20C /* Main.storyboard in Resources */,
			);
			runOnlyForDeploymentPostprocessing = 0;
		};
		B96CAABE18A7ED7700D5C20C /* Resources */ = {
			isa = PBXResourcesBuildPhase;
			buildActionMask = 2147483647;
			files = (
				B96CAACC18A7ED7700D5C20C /* InfoPlist.strings in Resources */,
			);
			runOnlyForDeploymentPostprocessing = 0;
		};
/* End PBXResourcesBuildPhase section */

/* Begin PBXSourcesBuildPhase section */
		B96CAA9418A7ED7700D5C20C /* Sources */ = {
			isa = PBXSourcesBuildPhase;
			buildActionMask = 2147483647;
			files = (
				0F7D548118AD54DF00F9593D /* FetchScene.m in Sources */,
				7CB76CC518B66C190003A622 /* TargetPracticeMenuScene.m in Sources */,
				B96CAAB718A7ED7700D5C20C /* MainMenuScene.m in Sources */,
				B96CAAE018A80B0300D5C20C /* TargetPracticeScene.m in Sources */,
				B96CAAB418A7ED7700D5C20C /* ViewController.m in Sources */,
				0FA6066E18B65DB4001E0C9A /* FetchInstructionScene.m in Sources */,
				B9938EBF18A9A5C40004890B /* TargetPracticeGameOver.m in Sources */,
				7CB23C3118BFFEB4007F409F /* BabyTargetPracticeScene.m in Sources */,
				0F9462C718BFF4A100E9E3BD /* GameMenuScene.m in Sources */,
				B96CAAAE18A7ED7700D5C20C /* AppDelegate.m in Sources */,
				B96CAAAA18A7ED7700D5C20C /* main.m in Sources */,
			);
			runOnlyForDeploymentPostprocessing = 0;
		};
		B96CAABC18A7ED7700D5C20C /* Sources */ = {
			isa = PBXSourcesBuildPhase;
			buildActionMask = 2147483647;
			files = (
				B96CAACE18A7ED7700D5C20C /* KidologyAppTests.m in Sources */,
			);
			runOnlyForDeploymentPostprocessing = 0;
		};
/* End PBXSourcesBuildPhase section */

/* Begin PBXTargetDependency section */
		B96CAAC618A7ED7700D5C20C /* PBXTargetDependency */ = {
			isa = PBXTargetDependency;
			target = B96CAA9718A7ED7700D5C20C /* KidologyApp */;
			targetProxy = B96CAAC518A7ED7700D5C20C /* PBXContainerItemProxy */;
		};
/* End PBXTargetDependency section */

/* Begin PBXVariantGroup section */
		B96CAAA618A7ED7700D5C20C /* InfoPlist.strings */ = {
			isa = PBXVariantGroup;
			children = (
				B96CAAA718A7ED7700D5C20C /* en */,
			);
			name = InfoPlist.strings;
			sourceTree = "<group>";
		};
		B96CAAAF18A7ED7700D5C20C /* Main.storyboard */ = {
			isa = PBXVariantGroup;
			children = (
				B96CAAB018A7ED7700D5C20C /* Base */,
			);
			name = Main.storyboard;
			sourceTree = "<group>";
		};
		B96CAACA18A7ED7700D5C20C /* InfoPlist.strings */ = {
			isa = PBXVariantGroup;
			children = (
				B96CAACB18A7ED7700D5C20C /* en */,
			);
			name = InfoPlist.strings;
			sourceTree = "<group>";
		};
/* End PBXVariantGroup section */

/* Begin XCBuildConfiguration section */
		B96CAACF18A7ED7700D5C20C /* Debug */ = {
			isa = XCBuildConfiguration;
			buildSettings = {
				ALWAYS_SEARCH_USER_PATHS = NO;
				ARCHS = "$(ARCHS_STANDARD_INCLUDING_64_BIT)";
				CLANG_CXX_LANGUAGE_STANDARD = "gnu++0x";
				CLANG_CXX_LIBRARY = "libc++";
				CLANG_ENABLE_MODULES = YES;
				CLANG_ENABLE_OBJC_ARC = YES;
				CLANG_WARN_BOOL_CONVERSION = YES;
				CLANG_WARN_CONSTANT_CONVERSION = YES;
				CLANG_WARN_DIRECT_OBJC_ISA_USAGE = YES_ERROR;
				CLANG_WARN_EMPTY_BODY = YES;
				CLANG_WARN_ENUM_CONVERSION = YES;
				CLANG_WARN_INT_CONVERSION = YES;
				CLANG_WARN_OBJC_ROOT_CLASS = YES_ERROR;
				CLANG_WARN__DUPLICATE_METHOD_MATCH = YES;
				"CODE_SIGN_IDENTITY[sdk=iphoneos*]" = "iPhone Developer";
				COPY_PHASE_STRIP = NO;
				GCC_C_LANGUAGE_STANDARD = gnu99;
				GCC_DYNAMIC_NO_PIC = NO;
				GCC_OPTIMIZATION_LEVEL = 0;
				GCC_PREPROCESSOR_DEFINITIONS = (
					"DEBUG=1",
					"$(inherited)",
				);
				GCC_SYMBOLS_PRIVATE_EXTERN = NO;
				GCC_WARN_64_TO_32_BIT_CONVERSION = YES;
				GCC_WARN_ABOUT_RETURN_TYPE = YES_ERROR;
				GCC_WARN_UNDECLARED_SELECTOR = YES;
				GCC_WARN_UNINITIALIZED_AUTOS = YES;
				GCC_WARN_UNUSED_FUNCTION = YES;
				GCC_WARN_UNUSED_VARIABLE = YES;
				IPHONEOS_DEPLOYMENT_TARGET = 7.0;
				ONLY_ACTIVE_ARCH = YES;
				SDKROOT = iphoneos;
			};
			name = Debug;
		};
		B96CAAD018A7ED7700D5C20C /* Release */ = {
			isa = XCBuildConfiguration;
			buildSettings = {
				ALWAYS_SEARCH_USER_PATHS = NO;
				ARCHS = "$(ARCHS_STANDARD_INCLUDING_64_BIT)";
				CLANG_CXX_LANGUAGE_STANDARD = "gnu++0x";
				CLANG_CXX_LIBRARY = "libc++";
				CLANG_ENABLE_MODULES = YES;
				CLANG_ENABLE_OBJC_ARC = YES;
				CLANG_WARN_BOOL_CONVERSION = YES;
				CLANG_WARN_CONSTANT_CONVERSION = YES;
				CLANG_WARN_DIRECT_OBJC_ISA_USAGE = YES_ERROR;
				CLANG_WARN_EMPTY_BODY = YES;
				CLANG_WARN_ENUM_CONVERSION = YES;
				CLANG_WARN_INT_CONVERSION = YES;
				CLANG_WARN_OBJC_ROOT_CLASS = YES_ERROR;
				CLANG_WARN__DUPLICATE_METHOD_MATCH = YES;
				"CODE_SIGN_IDENTITY[sdk=iphoneos*]" = "iPhone Developer";
				COPY_PHASE_STRIP = YES;
				ENABLE_NS_ASSERTIONS = NO;
				GCC_C_LANGUAGE_STANDARD = gnu99;
				GCC_WARN_64_TO_32_BIT_CONVERSION = YES;
				GCC_WARN_ABOUT_RETURN_TYPE = YES_ERROR;
				GCC_WARN_UNDECLARED_SELECTOR = YES;
				GCC_WARN_UNINITIALIZED_AUTOS = YES;
				GCC_WARN_UNUSED_FUNCTION = YES;
				GCC_WARN_UNUSED_VARIABLE = YES;
				IPHONEOS_DEPLOYMENT_TARGET = 7.0;
				SDKROOT = iphoneos;
				VALIDATE_PRODUCT = YES;
			};
			name = Release;
		};
		B96CAAD218A7ED7700D5C20C /* Debug */ = {
			isa = XCBuildConfiguration;
			buildSettings = {
				ASSETCATALOG_COMPILER_APPICON_NAME = AppIcon;
				ASSETCATALOG_COMPILER_LAUNCHIMAGE_NAME = LaunchImage;
				GCC_PRECOMPILE_PREFIX_HEADER = YES;
				GCC_PREFIX_HEADER = "KidologyApp/KidologyApp-Prefix.pch";
				INFOPLIST_FILE = "KidologyApp/KidologyApp-Info.plist";
				IPHONEOS_DEPLOYMENT_TARGET = 7.0;
				PRODUCT_NAME = "$(TARGET_NAME)";
				SPRITEKIT_TEXTURE_ATLAS_OUTPUT = YES;
				TARGETED_DEVICE_FAMILY = 2;
				WRAPPER_EXTENSION = app;
			};
			name = Debug;
		};
		B96CAAD318A7ED7700D5C20C /* Release */ = {
			isa = XCBuildConfiguration;
			buildSettings = {
				ASSETCATALOG_COMPILER_APPICON_NAME = AppIcon;
				ASSETCATALOG_COMPILER_LAUNCHIMAGE_NAME = LaunchImage;
				GCC_PRECOMPILE_PREFIX_HEADER = YES;
				GCC_PREFIX_HEADER = "KidologyApp/KidologyApp-Prefix.pch";
				INFOPLIST_FILE = "KidologyApp/KidologyApp-Info.plist";
				IPHONEOS_DEPLOYMENT_TARGET = 7.0;
				PRODUCT_NAME = "$(TARGET_NAME)";
				SPRITEKIT_TEXTURE_ATLAS_OUTPUT = YES;
				TARGETED_DEVICE_FAMILY = 2;
				WRAPPER_EXTENSION = app;
			};
			name = Release;
		};
		B96CAAD518A7ED7700D5C20C /* Debug */ = {
			isa = XCBuildConfiguration;
			buildSettings = {
				ARCHS = "$(ARCHS_STANDARD_INCLUDING_64_BIT)";
				BUNDLE_LOADER = "$(BUILT_PRODUCTS_DIR)/KidologyApp.app/KidologyApp";
				FRAMEWORK_SEARCH_PATHS = (
					"$(SDKROOT)/Developer/Library/Frameworks",
					"$(inherited)",
					"$(DEVELOPER_FRAMEWORKS_DIR)",
				);
				GCC_PRECOMPILE_PREFIX_HEADER = YES;
				GCC_PREFIX_HEADER = "KidologyApp/KidologyApp-Prefix.pch";
				GCC_PREPROCESSOR_DEFINITIONS = (
					"DEBUG=1",
					"$(inherited)",
				);
				INFOPLIST_FILE = "KidologyAppTests/KidologyAppTests-Info.plist";
				PRODUCT_NAME = "$(TARGET_NAME)";
				TEST_HOST = "$(BUNDLE_LOADER)";
				WRAPPER_EXTENSION = xctest;
			};
			name = Debug;
		};
		B96CAAD618A7ED7700D5C20C /* Release */ = {
			isa = XCBuildConfiguration;
			buildSettings = {
				ARCHS = "$(ARCHS_STANDARD_INCLUDING_64_BIT)";
				BUNDLE_LOADER = "$(BUILT_PRODUCTS_DIR)/KidologyApp.app/KidologyApp";
				FRAMEWORK_SEARCH_PATHS = (
					"$(SDKROOT)/Developer/Library/Frameworks",
					"$(inherited)",
					"$(DEVELOPER_FRAMEWORKS_DIR)",
				);
				GCC_PRECOMPILE_PREFIX_HEADER = YES;
				GCC_PREFIX_HEADER = "KidologyApp/KidologyApp-Prefix.pch";
				INFOPLIST_FILE = "KidologyAppTests/KidologyAppTests-Info.plist";
				PRODUCT_NAME = "$(TARGET_NAME)";
				TEST_HOST = "$(BUNDLE_LOADER)";
				WRAPPER_EXTENSION = xctest;
			};
			name = Release;
		};
/* End XCBuildConfiguration section */

/* Begin XCConfigurationList section */
		B96CAA9318A7ED7700D5C20C /* Build configuration list for PBXProject "KidologyApp" */ = {
			isa = XCConfigurationList;
			buildConfigurations = (
				B96CAACF18A7ED7700D5C20C /* Debug */,
				B96CAAD018A7ED7700D5C20C /* Release */,
			);
			defaultConfigurationIsVisible = 0;
			defaultConfigurationName = Release;
		};
		B96CAAD118A7ED7700D5C20C /* Build configuration list for PBXNativeTarget "KidologyApp" */ = {
			isa = XCConfigurationList;
			buildConfigurations = (
				B96CAAD218A7ED7700D5C20C /* Debug */,
				B96CAAD318A7ED7700D5C20C /* Release */,
			);
			defaultConfigurationIsVisible = 0;
			defaultConfigurationName = Release;
		};
		B96CAAD418A7ED7700D5C20C /* Build configuration list for PBXNativeTarget "KidologyAppTests" */ = {
			isa = XCConfigurationList;
			buildConfigurations = (
				B96CAAD518A7ED7700D5C20C /* Debug */,
				B96CAAD618A7ED7700D5C20C /* Release */,
			);
			defaultConfigurationIsVisible = 0;
			defaultConfigurationName = Release;
		};
/* End XCConfigurationList section */
	};
	rootObject = B96CAA9018A7ED7700D5C20C /* Project object */;
}
